
Microsoft Visual Studio Solution File, Format Version 12.00
# Visual Studio Version 17
VisualStudioVersion = 17.10.35122.118
MinimumVisualStudioVersion = 10.0.40219.1
Project("{FAE04EC0-301F-11D3-BF4B-00C04F79EFBC}") = "CalenderControl", "CalenderControl.csproj", "{521F3FB3-8F64-4733-81AC-79D56BCECFFC}"
EndProject
Global
	GlobalSection(SolutionConfigurationPlatforms) = preSolution
		Debug|Any CPU = Debug|Any CPU
		Release|Any CPU = Release|Any CPU
	EndGlobalSection
	GlobalSection(ProjectConfigurationPlatforms) = postSolution
		{521F3FB3-8F64-4733-81AC-79D56BCECFFC}.Debug|Any CPU.ActiveCfg = Debug|Any CPU
		{521F3FB3-8F64-4733-81AC-79D56BCECFFC}.Debug|Any CPU.Build.0 = Debug|Any CPU
		{521F3FB3-8F64-4733-81AC-79D56BCECFFC}.Release|Any CPU.ActiveCfg = Release|Any CPU
		{521F3FB3-8F64-4733-81AC-79D56BCECFFC}.Release|Any CPU.Build.0 = Release|Any CPU
	EndGlobalSection
	GlobalSection(SolutionProperties) = preSolution
		HideSolutionNode = FALSE
	EndGlobalSection
	GlobalSection(ExtensibilityGlobals) = postSolution
		SolutionGuid = {B4F57563-4414-46EC-BEDB-145D94DCBC99}
	EndGlobalSection
EndGlobal
